Microsoft Visual Studio Solution File, Format Version 12.00
# Visual Studio Version 17
VisualStudioVersion = 17.5.2.0
MinimumVisualStudioVersion = 10.0.40219.1
Project("{2150E333-8FDC-42A3-9474-1A3956D46DE8}") = "bdd", "bdd", "{FEC4EB2F-4AC8-3223-9E82-767A063DA537}"
EndProject
Project("{2150E333-8FDC-42A3-9474-1A3956D46DE8}") = "fixtures", "fixtures", "{FD79DE49-3C21-8BA7-B3FC-8F7A79F8FB34}"
EndProject
Project("{2150E333-8FDC-42A3-9474-1A3956D46DE8}") = "file_samples", "file_samples", "{740D6EA1-A8A3-9641-4AFD-A73073924C32}"
EndProject
Project("{FAE04EC0-301F-11D3-BF4B-00C04F79EFBC}") = "sample", "bdd\fixtures\file_samples\sample.csproj", "{99897125-9DFC-EED3-50D1-35E68166EAAF}"
EndProject
Global
	GlobalSection(SolutionConfigurationPlatforms) = preSolution
		Debug|Any CPU = Debug|Any CPU
		Release|Any CPU = Release|Any CPU
	EndGlobalSection
	GlobalSection(ProjectConfigurationPlatforms) = postSolution
		{99897125-9DFC-EED3-50D1-35E68166EAAF}.Debug|Any CPU.ActiveCfg = Debug|Any CPU
		{99897125-9DFC-EED3-50D1-35E68166EAAF}.Debug|Any CPU.Build.0 = Debug|Any CPU
		{99897125-9DFC-EED3-50D1-35E68166EAAF}.Release|Any CPU.ActiveCfg = Release|Any CPU
		{99897125-9DFC-EED3-50D1-35E68166EAAF}.Release|Any CPU.Build.0 = Release|Any CPU
	EndGlobalSection
	GlobalSection(SolutionProperties) = preSolution
		HideSolutionNode = FALSE
	EndGlobalSection
	GlobalSection(NestedProjects) = preSolution
		{FD79DE49-3C21-8BA7-B3FC-8F7A79F8FB34} = {FEC4EB2F-4AC8-3223-9E82-767A063DA537}
		{740D6EA1-A8A3-9641-4AFD-A73073924C32} = {FD79DE49-3C21-8BA7-B3FC-8F7A79F8FB34}
		{99897125-9DFC-EED3-50D1-35E68166EAAF} = {740D6EA1-A8A3-9641-4AFD-A73073924C32}
	EndGlobalSection
	GlobalSection(ExtensibilityGlobals) = postSolution
		SolutionGuid = {E66B5861-4006-40CC-8F71-DDFC78384266}
	EndGlobalSection
EndGlobal
